{
  "name": "webpack-i18n-plugin",
  "version": "0.9.5",
  "lockfileVersion": 1,
  "requires": true,
  "dependencies": {
    "@devops/bk-magic-vue": {
      "version": "2.4.16-alpha.2",
      "resolved": "http://registry.devops.canway.com/@devops/bk-magic-vue/download/@devops/bk-magic-vue-2.4.16-alpha.2.tgz",
      "integrity": "sha512-E5BHVgHV1py489ilg6DjymexVq3G+P5l+TecjdV/kN6v7w7j23ngj4bUCG1YmcMPCtvxMe5C0/Euh58zT8PS9w==",
      "dev": true,
      "requires": {
        "highlight.js": "^10.7.2",
        "resize-observer-polyfill": "^1.5.0",
        "spark-md5": "^3.0.2",
        "tinycolor2": "^1.4.1"
      }
    },
    "highlight.js": {
      "version": "10.7.3",
      "resolved": "https://registry.npmmirror.com/highlight.js/-/highlight.js-10.7.3.tgz",
      "integrity": "sha512-tzcUFauisWKNHaRkN4Wjl/ZA07gENAjFl3J/c480dprkGTg5EQstgaNFqBfUqCq54kZRIEcreTsAgF/m2quD7A==",
      "dev": true
    },
    "resize-observer-polyfill": {
      "version": "1.5.1",
      "resolved": "https://registry.npmmirror.com/resize-observer-polyfill/-/resize-observer-polyfill-1.5.1.tgz",
      "integrity": "sha512-LwZrotdHOo12nQuZlHEmtuXdqGoOD0OhaxopaNFxWzInpEgaLWoVuAMbTzixuosCx2nEG58ngzW3vxdWoxIgdg==",
      "dev": true
    },
    "spark-md5": {
      "version": "3.0.2",
      "resolved": "https://registry.npmmirror.com/spark-md5/-/spark-md5-3.0.2.tgz",
      "integrity": "sha512-wcFzz9cDfbuqe0FZzfi2or1sgyIrsDwmPwfZC4hiNidPdPINjeUwNfv5kldczoEAcjl9Y1L3SM7Uz2PUEQzxQw==",
      "dev": true
    },
    "tinycolor2": {
      "version": "1.6.0",
      "resolved": "https://registry.npmmirror.com/tinycolor2/-/tinycolor2-1.6.0.tgz",
      "integrity": "sha512-XPaBkWQJdsf3pLKJV9p4qN/S+fm2Oj8AIPo1BTUhg5oxkvm9+SVEGFdhyOz7tTdUTfvxMiAs4sp6/eZO2Ew+pw==",
      "dev": true
    }
  }
}
